
Microsoft Visual Studio Solution File, Format Version 12.00
Project("{FAE04EC0-301F-11D3-BF4B-00C04F79EFBC}") = "DevExpert.Marketplace.Core", "src\DevExpert.Marketplace.Core\DevExpert.Marketplace.Core.csproj", "{CFE98CEB-07E0-4F05-8AA5-443FA5F016A8}"
EndProject
Project("{FAE04EC0-301F-11D3-BF4B-00C04F79EFBC}") = "DevExpert.Marketplace.Data", "src\DevExpert.Marketplace.Data\DevExpert.Marketplace.Data.csproj", "{7F253A4A-C92D-41CE-B365-629AF922F661}"
EndProject
Project("{FAE04EC0-301F-11D3-BF4B-00C04F79EFBC}") = "DevExpert.Marketplace.Shared", "src\DevExpert.Marketplace.Shared\DevExpert.Marketplace.Shared.csproj", "{68555C72-6D09-4BEC-94D4-B6E977CA627D}"
EndProject
Project("{FAE04EC0-301F-11D3-BF4B-00C04F79EFBC}") = "DevExpert.Marketplace.IoC", "src\DevExpert.Marketplace.IoC\DevExpert.Marketplace.IoC.csproj", "{71478047-3709-49AF-A475-A52E2194A1D9}"
EndProject
Project("{FAE04EC0-301F-11D3-BF4B-00C04F79EFBC}") = "DevExpert.Marketplace.Application", "src\DevExpert.Marketplace.Application\DevExpert.Marketplace.Application.csproj", "{2C098DD7-6543-4C01-AD67-F5FA1B7B907B}"
EndProject
Global
	GlobalSection(SolutionConfigurationPlatforms) = preSolution
		Debug|Any CPU = Debug|Any CPU
		Release|Any CPU = Release|Any CPU
	EndGlobalSection
	GlobalSection(ProjectConfigurationPlatforms) = postSolution
		{CFE98CEB-07E0-4F05-8AA5-443FA5F016A8}.Debug|Any CPU.ActiveCfg = Debug|Any CPU
		{CFE98CEB-07E0-4F05-8AA5-443FA5F016A8}.Debug|Any CPU.Build.0 = Debug|Any CPU
		{CFE98CEB-07E0-4F05-8AA5-443FA5F016A8}.Release|Any CPU.ActiveCfg = Release|Any CPU
		{CFE98CEB-07E0-4F05-8AA5-443FA5F016A8}.Release|Any CPU.Build.0 = Release|Any CPU
		{7F253A4A-C92D-41CE-B365-629AF922F661}.Debug|Any CPU.ActiveCfg = Debug|Any CPU
		{7F253A4A-C92D-41CE-B365-629AF922F661}.Debug|Any CPU.Build.0 = Debug|Any CPU
		{7F253A4A-C92D-41CE-B365-629AF922F661}.Release|Any CPU.ActiveCfg = Release|Any CPU
		{7F253A4A-C92D-41CE-B365-629AF922F661}.Release|Any CPU.Build.0 = Release|Any CPU
		{68555C72-6D09-4BEC-94D4-B6E977CA627D}.Debug|Any CPU.ActiveCfg = Debug|Any CPU
		{68555C72-6D09-4BEC-94D4-B6E977CA627D}.Debug|Any CPU.Build.0 = Debug|Any CPU
		{68555C72-6D09-4BEC-94D4-B6E977CA627D}.Release|Any CPU.ActiveCfg = Release|Any CPU
		{68555C72-6D09-4BEC-94D4-B6E977CA627D}.Release|Any CPU.Build.0 = Release|Any CPU
		{71478047-3709-49AF-A475-A52E2194A1D9}.Debug|Any CPU.ActiveCfg = Debug|Any CPU
		{71478047-3709-49AF-A475-A52E2194A1D9}.Debug|Any CPU.Build.0 = Debug|Any CPU
		{71478047-3709-49AF-A475-A52E2194A1D9}.Release|Any CPU.ActiveCfg = Release|Any CPU
		{71478047-3709-49AF-A475-A52E2194A1D9}.Release|Any CPU.Build.0 = Release|Any CPU
		{2C098DD7-6543-4C01-AD67-F5FA1B7B907B}.Debug|Any CPU.ActiveCfg = Debug|Any CPU
		{2C098DD7-6543-4C01-AD67-F5FA1B7B907B}.Debug|Any CPU.Build.0 = Debug|Any CPU
		{2C098DD7-6543-4C01-AD67-F5FA1B7B907B}.Release|Any CPU.ActiveCfg = Release|Any CPU
		{2C098DD7-6543-4C01-AD67-F5FA1B7B907B}.Release|Any CPU.Build.0 = Release|Any CPU
	EndGlobalSection
EndGlobal
